
Microsoft Visual Studio Solution File, Format Version 12.00
# Visual Studio Version 16
VisualStudioVersion = 16.0.29519.87
MinimumVisualStudioVersion = 10.0.40219.1
Project("{9A19103F-16F7-4668-BE54-9A1E7A4F7556}") = "ESFA.DC.JobQueueManager", "DC.JobQueueManager\ESFA.DC.JobQueueManager.csproj", "{6A7406D8-20DD-40AB-AA6B-F80938D56181}"
EndProject
Project("{9A19103F-16F7-4668-BE54-9A1E7A4F7556}") = "ESFA.DC.JobQueueManager.Data", "DC.JobQueueManager.Data\ESFA.DC.JobQueueManager.Data.csproj", "{C6C1B4FA-EDA5-4819-A10A-04EE4167D180}"
EndProject
Project("{00D1A9C2-B5F0-4AF3-8072-F6C62B433612}") = "ESFA.DC.JobQueueManager.Database", "DC.JobQueueManager.Database\ESFA.DC.JobQueueManager.Database.sqlproj", "{F47D5346-F204-445A-A624-4E9934457C77}"
EndProject
Project("{9A19103F-16F7-4668-BE54-9A1E7A4F7556}") = "ESFA.DC.JobQueueManager.Interfaces", "DC.JobQueueManager.Interfaces\ESFA.DC.JobQueueManager.Interfaces.csproj", "{6EC8DCAF-ACBF-4614-BE58-0DAC224A4154}"
EndProject
Project("{9A19103F-16F7-4668-BE54-9A1E7A4F7556}") = "ESFA.DC.JobQueueManager.Tests", "ESFA.DC.JobQueueManager.Tests\ESFA.DC.JobQueueManager.Tests.csproj", "{3ECD70C9-3C71-466B-9F0D-F4A1F460A009}"
EndProject
Project("{2150E333-8FDC-42A3-9474-1A3956D46DE8}") = "Tests", "Tests", "{944325EF-7167-4841-B148-A1381F26205A}"
EndProject
Project("{9A19103F-16F7-4668-BE54-9A1E7A4F7556}") = "ESFA.DC.JobNotifications", "ESFA.DC.JobNotifications\ESFA.DC.JobNotifications.csproj", "{88E1AA51-A206-4CDC-BF07-B34ED3E320DF}"
EndProject
Project("{9A19103F-16F7-4668-BE54-9A1E7A4F7556}") = "EfModelGenerator", "EfModelGenerator\EfModelGenerator.csproj", "{A10870D6-0EBA-4659-9184-324D3FBEC402}"
EndProject
Project("{9A19103F-16F7-4668-BE54-9A1E7A4F7556}") = "ESFA.DC.Jobs.Model", "ESFA.DC.Jobs.Model\ESFA.DC.Jobs.Model.csproj", "{EE1F09C5-ACAE-4D34-A131-DA58933EE4A5}"
EndProject
Project("{2150E333-8FDC-42A3-9474-1A3956D46DE8}") = "JobScheduler", "JobScheduler", "{72A04C75-D778-47ED-B4E2-544C27669AE0}"
EndProject
Project("{9A19103F-16F7-4668-BE54-9A1E7A4F7556}") = "ESFA.DC.JobScheduler", "ESFA.DC.JobScheduler\ESFA.DC.JobScheduler.csproj", "{A5AC92CD-C15F-4425-BBF5-6790BC1C4C54}"
EndProject
Project("{9A19103F-16F7-4668-BE54-9A1E7A4F7556}") = "ESFA.DC.JobScheduler.Console", "ESFA.DC.JobScheduler.Console\ESFA.DC.JobScheduler.Console.csproj", "{6631FB70-8620-416B-BEBA-B3D0E587A182}"
EndProject
Project("{9A19103F-16F7-4668-BE54-9A1E7A4F7556}") = "ESFA.DC.JobScheduler.Console.Tests", "ESFA.DC.JobScheduler.Console.Tests\ESFA.DC.JobScheduler.Console.Tests.csproj", "{D0F88072-1D68-4AAB-8ABD-D1F56EFA6E42}"
EndProject
Project("{9A19103F-16F7-4668-BE54-9A1E7A4F7556}") = "ESFA.DC.JobScheduler.Interfaces", "ESFA.DC.JobScheduler.Interfaces\ESFA.DC.JobScheduler.Interfaces.csproj", "{D45997E7-F885-4232-A3C1-FA61E751406E}"
EndProject
Project("{9A19103F-16F7-4668-BE54-9A1E7A4F7556}") = "ESFA.DC.JobScheduler.Settings", "ESFA.DC.JobScheduler.Settings\ESFA.DC.JobScheduler.Settings.csproj", "{3C46CED3-80A9-4DE4-9B4F-CEA4268697DC}"
EndProject
Project("{9A19103F-16F7-4668-BE54-9A1E7A4F7556}") = "ESFA.DC.JobScheduler.Tests", "ESFA.DC.JobScheduler.Tests\ESFA.DC.JobScheduler.Tests.csproj", "{07CBC512-3D24-4013-A29D-5FF892AE7AA6}"
EndProject
Project("{2150E333-8FDC-42A3-9474-1A3956D46DE8}") = "JobStatus", "JobStatus", "{BADF402A-AE9F-4BF0-9CB7-016CBDC344B4}"
EndProject
Project("{9A19103F-16F7-4668-BE54-9A1E7A4F7556}") = "ESFA.DC.JobStatus.Service", "ESFA.DC.JobStatus.Service\ESFA.DC.JobStatus.Service.csproj", "{34089B47-6E97-467D-984B-D3B074216171}"
EndProject
Project("{9A19103F-16F7-4668-BE54-9A1E7A4F7556}") = "ESFA.DC.CollectionsManagement.Models", "ESFA.DC.CollectionsManagement.Models\ESFA.DC.CollectionsManagement.Models.csproj", "{C4DC5256-5EE7-4F08-9DF5-BABD45DBB71F}"
EndProject
Project("{2150E333-8FDC-42A3-9474-1A3956D46DE8}") = "JobApi", "JobApi", "{447126B9-5CD1-4B86-AEE9-1B00451BEA80}"
EndProject
Project("{9A19103F-16F7-4668-BE54-9A1E7A4F7556}") = "ESFA.DC.Job.WebApi", "DC.Job.WebApi\ESFA.DC.Job.WebApi.csproj", "{315E306C-CCA4-42B5-B7B7-C3FF084682F4}"
EndProject
Project("{9A19103F-16F7-4668-BE54-9A1E7A4F7556}") = "ESFA.DC.Job.WebApi.Tests", "ESFA.DC.Job.WebApi.Tests\ESFA.DC.Job.WebApi.Tests.csproj", "{476F91AA-8F1A-4DA1-A104-B0026A27EC5B}"
EndProject
Project("{9A19103F-16F7-4668-BE54-9A1E7A4F7556}") = "ESFA.DC.FailedJob.Service", "ESFA.DC.FailedJob.Service\ESFA.DC.FailedJob.Service.csproj", "{085986D0-A3D0-4761-A4C0-D408ED8F531A}"
EndProject
Project("{9A19103F-16F7-4668-BE54-9A1E7A4F7556}") = "ESFA.DC.JobStatus", "ESFA.DC.JobStatus\ESFA.DC.JobStatus.csproj", "{6768589B-CF23-4744-A0E5-4D674A2932FB}"
EndProject
Project("{2150E333-8FDC-42A3-9474-1A3956D46DE8}") = "_Solution Items", "_Solution Items", "{59727EA6-20A6-4C26-BE77-18482A9B74B2}"
	ProjectSection(SolutionItems) = preProject
		..\azure-pipelines.yml = ..\azure-pipelines.yml
		ESFA.DC.JobManagement.ruleset = ESFA.DC.JobManagement.ruleset
		..\README.md = ..\README.md
	EndProjectSection
EndProject
Project("{2150E333-8FDC-42A3-9474-1A3956D46DE8}") = "PeriodEnd", "PeriodEnd", "{F9F5A9F1-C0AF-4B54-994B-DE2593FAACFE}"
EndProject
Project("{9A19103F-16F7-4668-BE54-9A1E7A4F7556}") = "ESFA.DC.PeriodEnd.Services", "ESFA.DC.PeriodEnd.Services\ESFA.DC.PeriodEnd.Services.csproj", "{E7F389C8-80C1-4E69-9E4E-FF4D92E40E48}"
EndProject
Project("{9A19103F-16F7-4668-BE54-9A1E7A4F7556}") = "ESFA.DC.PeriodEnd.Models", "ESFA.DC.PeriodEnd.Models\ESFA.DC.PeriodEnd.Models.csproj", "{F51BF703-F05C-4709-9C25-65B85F0F2532}"
EndProject
Project("{9A19103F-16F7-4668-BE54-9A1E7A4F7556}") = "ESFA.DC.PeriodEnd.Interfaces", "ESFA.DC.PeriodEnd.Interfaces\ESFA.DC.PeriodEnd.Interfaces.csproj", "{D2D2CF42-21A3-4AC2-A512-AAFBC84643C0}"
EndProject
Project("{2150E333-8FDC-42A3-9474-1A3956D46DE8}") = "Tests", "Tests", "{9334B96C-FCDA-4E08-B914-EA766C66495B}"
EndProject
Project("{9A19103F-16F7-4668-BE54-9A1E7A4F7556}") = "ESFA.DC.PeriodEnd.Tests", "ESFA.DC.PeriodEnd.Tests\ESFA.DC.PeriodEnd.Tests.csproj", "{2FC940F4-38C7-40A9-A92E-5EC8E498761A}"
EndProject
Project("{9A19103F-16F7-4668-BE54-9A1E7A4F7556}") = "ESFA.DC.PeriodEnd.DataAccess", "ESFA.DC.PeriodEnd.DataAccess\ESFA.DC.PeriodEnd.DataAccess.csproj", "{27B240E7-2183-471D-AC60-508A22646AF1}"
EndProject
Project("{9A19103F-16F7-4668-BE54-9A1E7A4F7556}") = "ESFA.DC.PeriodEnd.Utils", "ESFA.DC.PeriodEnd.Utils\ESFA.DC.PeriodEnd.Utils.csproj", "{F29B2FF7-B077-40D2-AA2C-9E4CBCEF9843}"
EndProject
Project("{9A19103F-16F7-4668-BE54-9A1E7A4F7556}") = "ESFA.DC.AcceptanceTests", "ESFA.DC.JobManagement.Database.Tests\ESFA.DC.AcceptanceTests.csproj", "{7D89935D-9ED1-4A58-8168-93185F642FE1}"
EndProject
Project("{9A19103F-16F7-4668-BE54-9A1E7A4F7556}") = "ESFA.DC.EmailDistribution.Models", "ESFA.DC.EmailDistribution.Models\ESFA.DC.EmailDistribution.Models.csproj", "{179A48CA-169F-4DBC-ACE3-88C7706A743B}"
EndProject
Project("{2150E333-8FDC-42A3-9474-1A3956D46DE8}") = "DashBoard", "DashBoard", "{D6036CEA-162E-4852-9FA6-C177274CFB4C}"
EndProject
Project("{9A19103F-16F7-4668-BE54-9A1E7A4F7556}") = "ESFA.DC.DashBoard.Models", "ESFA.DC.DashBoard.Models\ESFA.DC.DashBoard.Models.csproj", "{0B1BBC3C-1088-4668-A6E0-9B7B63979F70}"
EndProject
Project("{9A19103F-16F7-4668-BE54-9A1E7A4F7556}") = "ESFA.DC.DashBoard.Interface", "ESFA.DC.DashBoard.Interface\ESFA.DC.DashBoard.Interface.csproj", "{1C8F0753-1EBD-4F64-BBEE-D8B47D9DD5EC}"
EndProject
Project("{9A19103F-16F7-4668-BE54-9A1E7A4F7556}") = "ESFA.DC.DashBoard.Services", "ESFA.DC.DashBoard.Services\ESFA.DC.DashBoard.Services.csproj", "{53E70453-9ED7-4E8D-AC80-7AB53D860B5F}"
EndProject
Project("{9A19103F-16F7-4668-BE54-9A1E7A4F7556}") = "ESFA.DC.JobManagement.Common", "ESFA.DC.JobManagement.Common\ESFA.DC.JobManagement.Common.csproj", "{82189534-5BD5-4EA1-94F8-666E6D755D7D}"
EndProject
Project("{2150E333-8FDC-42A3-9474-1A3956D46DE8}") = "NCS", "NCS", "{FB776082-6485-421C-9FFE-1ED170F38B4D}"
EndProject
Project("{9A19103F-16F7-4668-BE54-9A1E7A4F7556}") = "ESFA.DC.Ncs.Dss.Service", "ESFA.DC.Ncs.Dss.Service\ESFA.DC.Ncs.Dss.Service.csproj", "{C44D1338-9794-4139-B327-95C61AF6BDC2}"
EndProject
Project("{9A19103F-16F7-4668-BE54-9A1E7A4F7556}") = "ESFA.DC.Data.Services", "ESFA.DC.Data.Services\ESFA.DC.Data.Services.csproj", "{68500664-4E21-4FDB-BBE1-74805FB54F20}"
EndProject
Project("{2150E333-8FDC-42A3-9474-1A3956D46DE8}") = "DataServices", "DataServices", "{4B60E735-B13F-41DA-B4A6-8EA2B302F28A}"
EndProject
Project("{9A19103F-16F7-4668-BE54-9A1E7A4F7556}") = "ESFA.DC.Data.Models", "ESFA.DC.Data.Models\ESFA.DC.Data.Models.csproj", "{B72A1150-645C-4602-8D93-819C613CF09F}"
EndProject
Project("{9A19103F-16F7-4668-BE54-9A1E7A4F7556}") = "ESFA.DC.Data.Services.Tests", "ESFA.DC.Data.Services.Tests\ESFA.DC.Data.Services.Tests.csproj", "{D208C725-F3D3-4064-B093-1967544EC9CB}"
EndProject
Project("{9A19103F-16F7-4668-BE54-9A1E7A4F7556}") = "ESFA.DC.PeriodEnd.Services.ILR", "ESFA.DC.PeriodEnd.Services.ILR\ESFA.DC.PeriodEnd.Services.ILR.csproj", "{4A4C15AC-CD55-412C-886C-85247973DD31}"
EndProject
Project("{9A19103F-16F7-4668-BE54-9A1E7A4F7556}") = "ESFA.DC.PeriodEnd.Services.NCS", "ESFA.DC.PeriodEnd.Services.NCS\ESFA.DC.PeriodEnd.Services.NCS.csproj", "{82E96724-29A8-4BF2-A8D1-9A758FA298AB}"
EndProject
Project("{2150E333-8FDC-42A3-9474-1A3956D46DE8}") = "CovidRelief", "CovidRelief", "{8203A24F-0D2C-4890-9637-13B15D4B917E}"
EndProject
Project("{9A19103F-16F7-4668-BE54-9A1E7A4F7556}") = "ESFA.DC.CovidRelief.Services", "ESFA.DC.CovidRelief.Services\ESFA.DC.CovidRelief.Services.csproj", "{CE589411-CDCF-4D79-8184-670183D1DB67}"
EndProject
Project("{9A19103F-16F7-4668-BE54-9A1E7A4F7556}") = "ESFA.DC.CovidRelief.Models", "ESFA.DC.CovidRelief.Models\ESFA.DC.CovidRelief.Models.csproj", "{834F1835-6F98-42AD-BF01-E8CAAF054A22}"
EndProject
Project("{9A19103F-16F7-4668-BE54-9A1E7A4F7556}") = "ESFA.DC.CovidRelief.EmailService", "ESFA.DC.CovidRelief.EmailService\ESFA.DC.CovidRelief.EmailService.csproj", "{8BF1971A-6B37-4C18-A963-43B1D1C9E97E}"
EndProject
Project("{9A19103F-16F7-4668-BE54-9A1E7A4F7556}") = "ESFA.DC.JobManagement.Constants", "ESFA.DC.JobManagement.Constants\ESFA.DC.JobManagement.Constants.csproj", "{A92BFE36-A4AC-4843-B355-8F459FA37AB9}"
EndProject
Project("{9A19103F-16F7-4668-BE54-9A1E7A4F7556}") = "ESFA.DC.PeriodEnd.Services.ALLF", "ESFA.DC.PeriodEnd.Services.ALLF\ESFA.DC.PeriodEnd.Services.ALLF.csproj", "{9DA76D4E-D2F6-4F8F-AF8D-DD411D5A900A}"
EndProject
Project("{9A19103F-16F7-4668-BE54-9A1E7A4F7556}") = "ESFA.DC.PeriodEnd.Service.Clients", "ESFA.DC.PeriodEnd.Service.Clients\ESFA.DC.PeriodEnd.Service.Clients.csproj", "{34D2735B-8FA2-4B19-8C64-B1A03A14F747}"
EndProject
Project("{2150E333-8FDC-42A3-9474-1A3956D46DE8}") = "Auditing", "Auditing", "{DFC451CA-D786-4303-A4F4-33B4438E5966}"
EndProject
Project("{9A19103F-16F7-4668-BE54-9A1E7A4F7556}") = "ESFA.DC.Audit.Models", "ESFA.DC.Audit.Models\ESFA.DC.Audit.Models.csproj", "{F284E7EC-5593-47C2-8C95-600F44A45DFF}"
EndProject
Project("{9A19103F-16F7-4668-BE54-9A1E7A4F7556}") = "ESFA.DC.Auditing.Tests", "ESFA.DC.Auditing.Tests\ESFA.DC.Auditing.Tests.csproj", "{1161A8B8-6194-4F8A-885C-B7FFC240CC51}"
EndProject
Project("{9A19103F-16F7-4668-BE54-9A1E7A4F7556}") = "ESFA.DC.DeadLetter.Service", "ESFA.DC.DeadLetter.Service\ESFA.DC.DeadLetter.Service.csproj", "{7E01E661-C9C2-4183-81FE-5554B13C6F9C}"
EndProject
Global
	GlobalSection(SolutionConfigurationPlatforms) = preSolution
		Debug|Any CPU = Debug|Any CPU
		Release|Any CPU = Release|Any CPU
	EndGlobalSection
	GlobalSection(ProjectConfigurationPlatforms) = postSolution
		{6A7406D8-20DD-40AB-AA6B-F80938D56181}.Debug|Any CPU.ActiveCfg = Debug|Any CPU
		{6A7406D8-20DD-40AB-AA6B-F80938D56181}.Debug|Any CPU.Build.0 = Debug|Any CPU
		{6A7406D8-20DD-40AB-AA6B-F80938D56181}.Release|Any CPU.ActiveCfg = Release|Any CPU
		{6A7406D8-20DD-40AB-AA6B-F80938D56181}.Release|Any CPU.Build.0 = Release|Any CPU
		{C6C1B4FA-EDA5-4819-A10A-04EE4167D180}.Debug|Any CPU.ActiveCfg = Debug|Any CPU
		{C6C1B4FA-EDA5-4819-A10A-04EE4167D180}.Debug|Any CPU.Build.0 = Debug|Any CPU
		{C6C1B4FA-EDA5-4819-A10A-04EE4167D180}.Release|Any CPU.ActiveCfg = Release|Any CPU
		{C6C1B4FA-EDA5-4819-A10A-04EE4167D180}.Release|Any CPU.Build.0 = Release|Any CPU
		{F47D5346-F204-445A-A624-4E9934457C77}.Debug|Any CPU.ActiveCfg = Debug|Any CPU
		{F47D5346-F204-445A-A624-4E9934457C77}.Debug|Any CPU.Build.0 = Debug|Any CPU
		{F47D5346-F204-445A-A624-4E9934457C77}.Debug|Any CPU.Deploy.0 = Debug|Any CPU
		{F47D5346-F204-445A-A624-4E9934457C77}.Release|Any CPU.ActiveCfg = Release|Any CPU
		{F47D5346-F204-445A-A624-4E9934457C77}.Release|Any CPU.Build.0 = Release|Any CPU
		{F47D5346-F204-445A-A624-4E9934457C77}.Release|Any CPU.Deploy.0 = Release|Any CPU
		{6EC8DCAF-ACBF-4614-BE58-0DAC224A4154}.Debug|Any CPU.ActiveCfg = Debug|Any CPU
		{6EC8DCAF-ACBF-4614-BE58-0DAC224A4154}.Debug|Any CPU.Build.0 = Debug|Any CPU
		{6EC8DCAF-ACBF-4614-BE58-0DAC224A4154}.Release|Any CPU.ActiveCfg = Release|Any CPU
		{6EC8DCAF-ACBF-4614-BE58-0DAC224A4154}.Release|Any CPU.Build.0 = Release|Any CPU
		{3ECD70C9-3C71-466B-9F0D-F4A1F460A009}.Debug|Any CPU.ActiveCfg = Debug|Any CPU
		{3ECD70C9-3C71-466B-9F0D-F4A1F460A009}.Debug|Any CPU.Build.0 = Debug|Any CPU
		{3ECD70C9-3C71-466B-9F0D-F4A1F460A009}.Release|Any CPU.ActiveCfg = Release|Any CPU
		{3ECD70C9-3C71-466B-9F0D-F4A1F460A009}.Release|Any CPU.Build.0 = Release|Any CPU
		{88E1AA51-A206-4CDC-BF07-B34ED3E320DF}.Debug|Any CPU.ActiveCfg = Debug|Any CPU
		{88E1AA51-A206-4CDC-BF07-B34ED3E320DF}.Debug|Any CPU.Build.0 = Debug|Any CPU
		{88E1AA51-A206-4CDC-BF07-B34ED3E320DF}.Release|Any CPU.ActiveCfg = Release|Any CPU
		{88E1AA51-A206-4CDC-BF07-B34ED3E320DF}.Release|Any CPU.Build.0 = Release|Any CPU
		{A10870D6-0EBA-4659-9184-324D3FBEC402}.Debug|Any CPU.ActiveCfg = Debug|Any CPU
		{A10870D6-0EBA-4659-9184-324D3FBEC402}.Debug|Any CPU.Build.0 = Debug|Any CPU
		{A10870D6-0EBA-4659-9184-324D3FBEC402}.Release|Any CPU.ActiveCfg = Release|Any CPU
		{A10870D6-0EBA-4659-9184-324D3FBEC402}.Release|Any CPU.Build.0 = Release|Any CPU
		{EE1F09C5-ACAE-4D34-A131-DA58933EE4A5}.Debug|Any CPU.ActiveCfg = Debug|Any CPU
		{EE1F09C5-ACAE-4D34-A131-DA58933EE4A5}.Debug|Any CPU.Build.0 = Debug|Any CPU
		{EE1F09C5-ACAE-4D34-A131-DA58933EE4A5}.Release|Any CPU.ActiveCfg = Release|Any CPU
		{EE1F09C5-ACAE-4D34-A131-DA58933EE4A5}.Release|Any CPU.Build.0 = Release|Any CPU
		{A5AC92CD-C15F-4425-BBF5-6790BC1C4C54}.Debug|Any CPU.ActiveCfg = Debug|Any CPU
		{A5AC92CD-C15F-4425-BBF5-6790BC1C4C54}.Debug|Any CPU.Build.0 = Debug|Any CPU
		{A5AC92CD-C15F-4425-BBF5-6790BC1C4C54}.Release|Any CPU.ActiveCfg = Release|Any CPU
		{A5AC92CD-C15F-4425-BBF5-6790BC1C4C54}.Release|Any CPU.Build.0 = Release|Any CPU
		{6631FB70-8620-416B-BEBA-B3D0E587A182}.Debug|Any CPU.ActiveCfg = Debug|Any CPU
		{6631FB70-8620-416B-BEBA-B3D0E587A182}.Debug|Any CPU.Build.0 = Debug|Any CPU
		{6631FB70-8620-416B-BEBA-B3D0E587A182}.Release|Any CPU.ActiveCfg = Release|Any CPU
		{6631FB70-8620-416B-BEBA-B3D0E587A182}.Release|Any CPU.Build.0 = Release|Any CPU
		{D0F88072-1D68-4AAB-8ABD-D1F56EFA6E42}.Debug|Any CPU.ActiveCfg = Debug|Any CPU
		{D0F88072-1D68-4AAB-8ABD-D1F56EFA6E42}.Debug|Any CPU.Build.0 = Debug|Any CPU
		{D0F88072-1D68-4AAB-8ABD-D1F56EFA6E42}.Release|Any CPU.ActiveCfg = Release|Any CPU
		{D0F88072-1D68-4AAB-8ABD-D1F56EFA6E42}.Release|Any CPU.Build.0 = Release|Any CPU
		{D45997E7-F885-4232-A3C1-FA61E751406E}.Debug|Any CPU.ActiveCfg = Debug|Any CPU
		{D45997E7-F885-4232-A3C1-FA61E751406E}.Debug|Any CPU.Build.0 = Debug|Any CPU
		{D45997E7-F885-4232-A3C1-FA61E751406E}.Release|Any CPU.ActiveCfg = Release|Any CPU
		{D45997E7-F885-4232-A3C1-FA61E751406E}.Release|Any CPU.Build.0 = Release|Any CPU
		{3C46CED3-80A9-4DE4-9B4F-CEA4268697DC}.Debug|Any CPU.ActiveCfg = Debug|Any CPU
		{3C46CED3-80A9-4DE4-9B4F-CEA4268697DC}.Debug|Any CPU.Build.0 = Debug|Any CPU
		{3C46CED3-80A9-4DE4-9B4F-CEA4268697DC}.Release|Any CPU.ActiveCfg = Release|Any CPU
		{3C46CED3-80A9-4DE4-9B4F-CEA4268697DC}.Release|Any CPU.Build.0 = Release|Any CPU
		{07CBC512-3D24-4013-A29D-5FF892AE7AA6}.Debug|Any CPU.ActiveCfg = Debug|Any CPU
		{07CBC512-3D24-4013-A29D-5FF892AE7AA6}.Debug|Any CPU.Build.0 = Debug|Any CPU
		{07CBC512-3D24-4013-A29D-5FF892AE7AA6}.Release|Any CPU.ActiveCfg = Release|Any CPU
		{07CBC512-3D24-4013-A29D-5FF892AE7AA6}.Release|Any CPU.Build.0 = Release|Any CPU
		{34089B47-6E97-467D-984B-D3B074216171}.Debug|Any CPU.ActiveCfg = Debug|Any CPU
		{34089B47-6E97-467D-984B-D3B074216171}.Debug|Any CPU.Build.0 = Debug|Any CPU
		{34089B47-6E97-467D-984B-D3B074216171}.Release|Any CPU.ActiveCfg = Release|Any CPU
		{34089B47-6E97-467D-984B-D3B074216171}.Release|Any CPU.Build.0 = Release|Any CPU
		{C4DC5256-5EE7-4F08-9DF5-BABD45DBB71F}.Debug|Any CPU.ActiveCfg = Debug|Any CPU
		{C4DC5256-5EE7-4F08-9DF5-BABD45DBB71F}.Debug|Any CPU.Build.0 = Debug|Any CPU
		{C4DC5256-5EE7-4F08-9DF5-BABD45DBB71F}.Release|Any CPU.ActiveCfg = Release|Any CPU
		{C4DC5256-5EE7-4F08-9DF5-BABD45DBB71F}.Release|Any CPU.Build.0 = Release|Any CPU
		{315E306C-CCA4-42B5-B7B7-C3FF084682F4}.Debug|Any CPU.ActiveCfg = Debug|Any CPU
		{315E306C-CCA4-42B5-B7B7-C3FF084682F4}.Debug|Any CPU.Build.0 = Debug|Any CPU
		{315E306C-CCA4-42B5-B7B7-C3FF084682F4}.Release|Any CPU.ActiveCfg = Release|Any CPU
		{315E306C-CCA4-42B5-B7B7-C3FF084682F4}.Release|Any CPU.Build.0 = Release|Any CPU
		{476F91AA-8F1A-4DA1-A104-B0026A27EC5B}.Debug|Any CPU.ActiveCfg = Debug|Any CPU
		{476F91AA-8F1A-4DA1-A104-B0026A27EC5B}.Debug|Any CPU.Build.0 = Debug|Any CPU
		{476F91AA-8F1A-4DA1-A104-B0026A27EC5B}.Release|Any CPU.ActiveCfg = Release|Any CPU
		{476F91AA-8F1A-4DA1-A104-B0026A27EC5B}.Release|Any CPU.Build.0 = Release|Any CPU
		{085986D0-A3D0-4761-A4C0-D408ED8F531A}.Debug|Any CPU.ActiveCfg = Debug|Any CPU
		{085986D0-A3D0-4761-A4C0-D408ED8F531A}.Debug|Any CPU.Build.0 = Debug|Any CPU
		{085986D0-A3D0-4761-A4C0-D408ED8F531A}.Release|Any CPU.ActiveCfg = Release|Any CPU
		{085986D0-A3D0-4761-A4C0-D408ED8F531A}.Release|Any CPU.Build.0 = Release|Any CPU
		{6768589B-CF23-4744-A0E5-4D674A2932FB}.Debug|Any CPU.ActiveCfg = Debug|Any CPU
		{6768589B-CF23-4744-A0E5-4D674A2932FB}.Debug|Any CPU.Build.0 = Debug|Any CPU
		{6768589B-CF23-4744-A0E5-4D674A2932FB}.Release|Any CPU.ActiveCfg = Release|Any CPU
		{6768589B-CF23-4744-A0E5-4D674A2932FB}.Release|Any CPU.Build.0 = Release|Any CPU
		{E7F389C8-80C1-4E69-9E4E-FF4D92E40E48}.Debug|Any CPU.ActiveCfg = Debug|Any CPU
		{E7F389C8-80C1-4E69-9E4E-FF4D92E40E48}.Debug|Any CPU.Build.0 = Debug|Any CPU
		{E7F389C8-80C1-4E69-9E4E-FF4D92E40E48}.Release|Any CPU.ActiveCfg = Release|Any CPU
		{E7F389C8-80C1-4E69-9E4E-FF4D92E40E48}.Release|Any CPU.Build.0 = Release|Any CPU
		{F51BF703-F05C-4709-9C25-65B85F0F2532}.Debug|Any CPU.ActiveCfg = Debug|Any CPU
		{F51BF703-F05C-4709-9C25-65B85F0F2532}.Debug|Any CPU.Build.0 = Debug|Any CPU
		{F51BF703-F05C-4709-9C25-65B85F0F2532}.Release|Any CPU.ActiveCfg = Release|Any CPU
		{F51BF703-F05C-4709-9C25-65B85F0F2532}.Release|Any CPU.Build.0 = Release|Any CPU
		{D2D2CF42-21A3-4AC2-A512-AAFBC84643C0}.Debug|Any CPU.ActiveCfg = Debug|Any CPU
		{D2D2CF42-21A3-4AC2-A512-AAFBC84643C0}.Debug|Any CPU.Build.0 = Debug|Any CPU
		{D2D2CF42-21A3-4AC2-A512-AAFBC84643C0}.Release|Any CPU.ActiveCfg = Release|Any CPU
		{D2D2CF42-21A3-4AC2-A512-AAFBC84643C0}.Release|Any CPU.Build.0 = Release|Any CPU
		{2FC940F4-38C7-40A9-A92E-5EC8E498761A}.Debug|Any CPU.ActiveCfg = Debug|Any CPU
		{2FC940F4-38C7-40A9-A92E-5EC8E498761A}.Debug|Any CPU.Build.0 = Debug|Any CPU
		{2FC940F4-38C7-40A9-A92E-5EC8E498761A}.Release|Any CPU.ActiveCfg = Release|Any CPU
		{2FC940F4-38C7-40A9-A92E-5EC8E498761A}.Release|Any CPU.Build.0 = Release|Any CPU
		{27B240E7-2183-471D-AC60-508A22646AF1}.Debug|Any CPU.ActiveCfg = Debug|Any CPU
		{27B240E7-2183-471D-AC60-508A22646AF1}.Debug|Any CPU.Build.0 = Debug|Any CPU
		{27B240E7-2183-471D-AC60-508A22646AF1}.Release|Any CPU.ActiveCfg = Release|Any CPU
		{27B240E7-2183-471D-AC60-508A22646AF1}.Release|Any CPU.Build.0 = Release|Any CPU
		{F29B2FF7-B077-40D2-AA2C-9E4CBCEF9843}.Debug|Any CPU.ActiveCfg = Debug|Any CPU
		{F29B2FF7-B077-40D2-AA2C-9E4CBCEF9843}.Debug|Any CPU.Build.0 = Debug|Any CPU
		{F29B2FF7-B077-40D2-AA2C-9E4CBCEF9843}.Release|Any CPU.ActiveCfg = Release|Any CPU
		{F29B2FF7-B077-40D2-AA2C-9E4CBCEF9843}.Release|Any CPU.Build.0 = Release|Any CPU
		{7D89935D-9ED1-4A58-8168-93185F642FE1}.Debug|Any CPU.ActiveCfg = Debug|Any CPU
		{7D89935D-9ED1-4A58-8168-93185F642FE1}.Debug|Any CPU.Build.0 = Debug|Any CPU
		{7D89935D-9ED1-4A58-8168-93185F642FE1}.Release|Any CPU.ActiveCfg = Release|Any CPU
		{7D89935D-9ED1-4A58-8168-93185F642FE1}.Release|Any CPU.Build.0 = Release|Any CPU
		{179A48CA-169F-4DBC-ACE3-88C7706A743B}.Debug|Any CPU.ActiveCfg = Debug|Any CPU
		{179A48CA-169F-4DBC-ACE3-88C7706A743B}.Debug|Any CPU.Build.0 = Debug|Any CPU
		{179A48CA-169F-4DBC-ACE3-88C7706A743B}.Release|Any CPU.ActiveCfg = Release|Any CPU
		{179A48CA-169F-4DBC-ACE3-88C7706A743B}.Release|Any CPU.Build.0 = Release|Any CPU
		{0B1BBC3C-1088-4668-A6E0-9B7B63979F70}.Debug|Any CPU.ActiveCfg = Debug|Any CPU
		{0B1BBC3C-1088-4668-A6E0-9B7B63979F70}.Debug|Any CPU.Build.0 = Debug|Any CPU
		{0B1BBC3C-1088-4668-A6E0-9B7B63979F70}.Release|Any CPU.ActiveCfg = Release|Any CPU
		{0B1BBC3C-1088-4668-A6E0-9B7B63979F70}.Release|Any CPU.Build.0 = Release|Any CPU
		{1C8F0753-1EBD-4F64-BBEE-D8B47D9DD5EC}.Debug|Any CPU.ActiveCfg = Debug|Any CPU
		{1C8F0753-1EBD-4F64-BBEE-D8B47D9DD5EC}.Debug|Any CPU.Build.0 = Debug|Any CPU
		{1C8F0753-1EBD-4F64-BBEE-D8B47D9DD5EC}.Release|Any CPU.ActiveCfg = Release|Any CPU
		{1C8F0753-1EBD-4F64-BBEE-D8B47D9DD5EC}.Release|Any CPU.Build.0 = Release|Any CPU
		{53E70453-9ED7-4E8D-AC80-7AB53D860B5F}.Debug|Any CPU.ActiveCfg = Debug|Any CPU
		{53E70453-9ED7-4E8D-AC80-7AB53D860B5F}.Debug|Any CPU.Build.0 = Debug|Any CPU
		{53E70453-9ED7-4E8D-AC80-7AB53D860B5F}.Release|Any CPU.ActiveCfg = Release|Any CPU
		{53E70453-9ED7-4E8D-AC80-7AB53D860B5F}.Release|Any CPU.Build.0 = Release|Any CPU
		{82189534-5BD5-4EA1-94F8-666E6D755D7D}.Debug|Any CPU.ActiveCfg = Debug|Any CPU
		{82189534-5BD5-4EA1-94F8-666E6D755D7D}.Debug|Any CPU.Build.0 = Debug|Any CPU
		{82189534-5BD5-4EA1-94F8-666E6D755D7D}.Release|Any CPU.ActiveCfg = Release|Any CPU
		{82189534-5BD5-4EA1-94F8-666E6D755D7D}.Release|Any CPU.Build.0 = Release|Any CPU
		{C44D1338-9794-4139-B327-95C61AF6BDC2}.Debug|Any CPU.ActiveCfg = Debug|Any CPU
		{C44D1338-9794-4139-B327-95C61AF6BDC2}.Debug|Any CPU.Build.0 = Debug|Any CPU
		{C44D1338-9794-4139-B327-95C61AF6BDC2}.Release|Any CPU.ActiveCfg = Release|Any CPU
		{C44D1338-9794-4139-B327-95C61AF6BDC2}.Release|Any CPU.Build.0 = Release|Any CPU
		{68500664-4E21-4FDB-BBE1-74805FB54F20}.Debug|Any CPU.ActiveCfg = Debug|Any CPU
		{68500664-4E21-4FDB-BBE1-74805FB54F20}.Debug|Any CPU.Build.0 = Debug|Any CPU
		{68500664-4E21-4FDB-BBE1-74805FB54F20}.Release|Any CPU.ActiveCfg = Release|Any CPU
		{68500664-4E21-4FDB-BBE1-74805FB54F20}.Release|Any CPU.Build.0 = Release|Any CPU
		{B72A1150-645C-4602-8D93-819C613CF09F}.Debug|Any CPU.ActiveCfg = Debug|Any CPU
		{B72A1150-645C-4602-8D93-819C613CF09F}.Debug|Any CPU.Build.0 = Debug|Any CPU
		{B72A1150-645C-4602-8D93-819C613CF09F}.Release|Any CPU.ActiveCfg = Release|Any CPU
		{B72A1150-645C-4602-8D93-819C613CF09F}.Release|Any CPU.Build.0 = Release|Any CPU
		{D208C725-F3D3-4064-B093-1967544EC9CB}.Debug|Any CPU.ActiveCfg = Debug|Any CPU
		{D208C725-F3D3-4064-B093-1967544EC9CB}.Debug|Any CPU.Build.0 = Debug|Any CPU
		{D208C725-F3D3-4064-B093-1967544EC9CB}.Release|Any CPU.ActiveCfg = Release|Any CPU
		{D208C725-F3D3-4064-B093-1967544EC9CB}.Release|Any CPU.Build.0 = Release|Any CPU
		{4A4C15AC-CD55-412C-886C-85247973DD31}.Debug|Any CPU.ActiveCfg = Debug|Any CPU
		{4A4C15AC-CD55-412C-886C-85247973DD31}.Debug|Any CPU.Build.0 = Debug|Any CPU
		{4A4C15AC-CD55-412C-886C-85247973DD31}.Release|Any CPU.ActiveCfg = Release|Any CPU
		{4A4C15AC-CD55-412C-886C-85247973DD31}.Release|Any CPU.Build.0 = Release|Any CPU
		{82E96724-29A8-4BF2-A8D1-9A758FA298AB}.Debug|Any CPU.ActiveCfg = Debug|Any CPU
		{82E96724-29A8-4BF2-A8D1-9A758FA298AB}.Debug|Any CPU.Build.0 = Debug|Any CPU
		{82E96724-29A8-4BF2-A8D1-9A758FA298AB}.Release|Any CPU.ActiveCfg = Release|Any CPU
		{82E96724-29A8-4BF2-A8D1-9A758FA298AB}.Release|Any CPU.Build.0 = Release|Any CPU
		{CE589411-CDCF-4D79-8184-670183D1DB67}.Debug|Any CPU.ActiveCfg = Debug|Any CPU
		{CE589411-CDCF-4D79-8184-670183D1DB67}.Debug|Any CPU.Build.0 = Debug|Any CPU
		{CE589411-CDCF-4D79-8184-670183D1DB67}.Release|Any CPU.ActiveCfg = Release|Any CPU
		{CE589411-CDCF-4D79-8184-670183D1DB67}.Release|Any CPU.Build.0 = Release|Any CPU
		{834F1835-6F98-42AD-BF01-E8CAAF054A22}.Debug|Any CPU.ActiveCfg = Debug|Any CPU
		{834F1835-6F98-42AD-BF01-E8CAAF054A22}.Debug|Any CPU.Build.0 = Debug|Any CPU
		{834F1835-6F98-42AD-BF01-E8CAAF054A22}.Release|Any CPU.ActiveCfg = Release|Any CPU
		{834F1835-6F98-42AD-BF01-E8CAAF054A22}.Release|Any CPU.Build.0 = Release|Any CPU
		{8BF1971A-6B37-4C18-A963-43B1D1C9E97E}.Debug|Any CPU.ActiveCfg = Debug|Any CPU
		{8BF1971A-6B37-4C18-A963-43B1D1C9E97E}.Debug|Any CPU.Build.0 = Debug|Any CPU
		{8BF1971A-6B37-4C18-A963-43B1D1C9E97E}.Release|Any CPU.ActiveCfg = Release|Any CPU
		{8BF1971A-6B37-4C18-A963-43B1D1C9E97E}.Release|Any CPU.Build.0 = Release|Any CPU
		{A92BFE36-A4AC-4843-B355-8F459FA37AB9}.Debug|Any CPU.ActiveCfg = Debug|Any CPU
		{A92BFE36-A4AC-4843-B355-8F459FA37AB9}.Debug|Any CPU.Build.0 = Debug|Any CPU
		{A92BFE36-A4AC-4843-B355-8F459FA37AB9}.Release|Any CPU.ActiveCfg = Release|Any CPU
		{A92BFE36-A4AC-4843-B355-8F459FA37AB9}.Release|Any CPU.Build.0 = Release|Any CPU
		{9DA76D4E-D2F6-4F8F-AF8D-DD411D5A900A}.Debug|Any CPU.ActiveCfg = Debug|Any CPU
		{9DA76D4E-D2F6-4F8F-AF8D-DD411D5A900A}.Debug|Any CPU.Build.0 = Debug|Any CPU
		{9DA76D4E-D2F6-4F8F-AF8D-DD411D5A900A}.Release|Any CPU.ActiveCfg = Release|Any CPU
		{9DA76D4E-D2F6-4F8F-AF8D-DD411D5A900A}.Release|Any CPU.Build.0 = Release|Any CPU
		{34D2735B-8FA2-4B19-8C64-B1A03A14F747}.Debug|Any CPU.ActiveCfg = Debug|Any CPU
		{34D2735B-8FA2-4B19-8C64-B1A03A14F747}.Debug|Any CPU.Build.0 = Debug|Any CPU
		{34D2735B-8FA2-4B19-8C64-B1A03A14F747}.Release|Any CPU.ActiveCfg = Release|Any CPU
		{34D2735B-8FA2-4B19-8C64-B1A03A14F747}.Release|Any CPU.Build.0 = Release|Any CPU
		{F284E7EC-5593-47C2-8C95-600F44A45DFF}.Debug|Any CPU.ActiveCfg = Debug|Any CPU
		{F284E7EC-5593-47C2-8C95-600F44A45DFF}.Debug|Any CPU.Build.0 = Debug|Any CPU
		{F284E7EC-5593-47C2-8C95-600F44A45DFF}.Release|Any CPU.ActiveCfg = Release|Any CPU
		{F284E7EC-5593-47C2-8C95-600F44A45DFF}.Release|Any CPU.Build.0 = Release|Any CPU
		{1161A8B8-6194-4F8A-885C-B7FFC240CC51}.Debug|Any CPU.ActiveCfg = Debug|Any CPU
		{1161A8B8-6194-4F8A-885C-B7FFC240CC51}.Debug|Any CPU.Build.0 = Debug|Any CPU
		{1161A8B8-6194-4F8A-885C-B7FFC240CC51}.Release|Any CPU.ActiveCfg = Release|Any CPU
		{1161A8B8-6194-4F8A-885C-B7FFC240CC51}.Release|Any CPU.Build.0 = Release|Any CPU
		{7E01E661-C9C2-4183-81FE-5554B13C6F9C}.Debug|Any CPU.ActiveCfg = Debug|Any CPU
		{7E01E661-C9C2-4183-81FE-5554B13C6F9C}.Debug|Any CPU.Build.0 = Debug|Any CPU
		{7E01E661-C9C2-4183-81FE-5554B13C6F9C}.Release|Any CPU.ActiveCfg = Release|Any CPU
		{7E01E661-C9C2-4183-81FE-5554B13C6F9C}.Release|Any CPU.Build.0 = Release|Any CPU
	EndGlobalSection
	GlobalSection(SolutionProperties) = preSolution
		HideSolutionNode = FALSE
	EndGlobalSection
	GlobalSection(NestedProjects) = preSolution
		{3ECD70C9-3C71-466B-9F0D-F4A1F460A009} = {944325EF-7167-4841-B148-A1381F26205A}
		{A5AC92CD-C15F-4425-BBF5-6790BC1C4C54} = {72A04C75-D778-47ED-B4E2-544C27669AE0}
		{6631FB70-8620-416B-BEBA-B3D0E587A182} = {72A04C75-D778-47ED-B4E2-544C27669AE0}
		{D0F88072-1D68-4AAB-8ABD-D1F56EFA6E42} = {72A04C75-D778-47ED-B4E2-544C27669AE0}
		{D45997E7-F885-4232-A3C1-FA61E751406E} = {72A04C75-D778-47ED-B4E2-544C27669AE0}
		{3C46CED3-80A9-4DE4-9B4F-CEA4268697DC} = {72A04C75-D778-47ED-B4E2-544C27669AE0}
		{07CBC512-3D24-4013-A29D-5FF892AE7AA6} = {72A04C75-D778-47ED-B4E2-544C27669AE0}
		{34089B47-6E97-467D-984B-D3B074216171} = {BADF402A-AE9F-4BF0-9CB7-016CBDC344B4}
		{315E306C-CCA4-42B5-B7B7-C3FF084682F4} = {447126B9-5CD1-4B86-AEE9-1B00451BEA80}
		{476F91AA-8F1A-4DA1-A104-B0026A27EC5B} = {447126B9-5CD1-4B86-AEE9-1B00451BEA80}
		{085986D0-A3D0-4761-A4C0-D408ED8F531A} = {BADF402A-AE9F-4BF0-9CB7-016CBDC344B4}
		{6768589B-CF23-4744-A0E5-4D674A2932FB} = {BADF402A-AE9F-4BF0-9CB7-016CBDC344B4}
		{E7F389C8-80C1-4E69-9E4E-FF4D92E40E48} = {F9F5A9F1-C0AF-4B54-994B-DE2593FAACFE}
		{F51BF703-F05C-4709-9C25-65B85F0F2532} = {F9F5A9F1-C0AF-4B54-994B-DE2593FAACFE}
		{D2D2CF42-21A3-4AC2-A512-AAFBC84643C0} = {F9F5A9F1-C0AF-4B54-994B-DE2593FAACFE}
		{9334B96C-FCDA-4E08-B914-EA766C66495B} = {F9F5A9F1-C0AF-4B54-994B-DE2593FAACFE}
		{2FC940F4-38C7-40A9-A92E-5EC8E498761A} = {9334B96C-FCDA-4E08-B914-EA766C66495B}
		{27B240E7-2183-471D-AC60-508A22646AF1} = {F9F5A9F1-C0AF-4B54-994B-DE2593FAACFE}
		{F29B2FF7-B077-40D2-AA2C-9E4CBCEF9843} = {F9F5A9F1-C0AF-4B54-994B-DE2593FAACFE}
		{7D89935D-9ED1-4A58-8168-93185F642FE1} = {944325EF-7167-4841-B148-A1381F26205A}
		{0B1BBC3C-1088-4668-A6E0-9B7B63979F70} = {D6036CEA-162E-4852-9FA6-C177274CFB4C}
		{1C8F0753-1EBD-4F64-BBEE-D8B47D9DD5EC} = {D6036CEA-162E-4852-9FA6-C177274CFB4C}
		{53E70453-9ED7-4E8D-AC80-7AB53D860B5F} = {D6036CEA-162E-4852-9FA6-C177274CFB4C}
		{C44D1338-9794-4139-B327-95C61AF6BDC2} = {FB776082-6485-421C-9FFE-1ED170F38B4D}
		{68500664-4E21-4FDB-BBE1-74805FB54F20} = {4B60E735-B13F-41DA-B4A6-8EA2B302F28A}
		{B72A1150-645C-4602-8D93-819C613CF09F} = {4B60E735-B13F-41DA-B4A6-8EA2B302F28A}
		{D208C725-F3D3-4064-B093-1967544EC9CB} = {4B60E735-B13F-41DA-B4A6-8EA2B302F28A}
		{4A4C15AC-CD55-412C-886C-85247973DD31} = {F9F5A9F1-C0AF-4B54-994B-DE2593FAACFE}
		{82E96724-29A8-4BF2-A8D1-9A758FA298AB} = {F9F5A9F1-C0AF-4B54-994B-DE2593FAACFE}
		{CE589411-CDCF-4D79-8184-670183D1DB67} = {8203A24F-0D2C-4890-9637-13B15D4B917E}
		{834F1835-6F98-42AD-BF01-E8CAAF054A22} = {8203A24F-0D2C-4890-9637-13B15D4B917E}
		{8BF1971A-6B37-4C18-A963-43B1D1C9E97E} = {8203A24F-0D2C-4890-9637-13B15D4B917E}
		{9DA76D4E-D2F6-4F8F-AF8D-DD411D5A900A} = {F9F5A9F1-C0AF-4B54-994B-DE2593FAACFE}
		{34D2735B-8FA2-4B19-8C64-B1A03A14F747} = {F9F5A9F1-C0AF-4B54-994B-DE2593FAACFE}
		{F284E7EC-5593-47C2-8C95-600F44A45DFF} = {DFC451CA-D786-4303-A4F4-33B4438E5966}
		{1161A8B8-6194-4F8A-885C-B7FFC240CC51} = {944325EF-7167-4841-B148-A1381F26205A}
		{7E01E661-C9C2-4183-81FE-5554B13C6F9C} = {BADF402A-AE9F-4BF0-9CB7-016CBDC344B4}
	EndGlobalSection
	GlobalSection(ExtensibilityGlobals) = postSolution
		SolutionGuid = {6FC39500-F619-4685-8EC0-2350B76A6B7C}
	EndGlobalSection
EndGlobal
